// !$*UTF8*$!
{
	archiveVersion = 1;
	classes = {
	};
	objectVersion = 46;
	objects = {

/* Begin PBXBuildFile section */
		3FA159941AFF16FE00D87869 /* NSArray+Signedness.m in Sources */ = {isa = PBXBuildFile; fileRef = 3FFD10C11AFDEB700013A652 /* NSArray+Signedness.m */; };
		3FA159951AFF16FE00D87869 /* NSIndexPath+Signedness.m in Sources */ = {isa = PBXBuildFile; fileRef = 3FFD10C41AFDEB700013A652 /* NSIndexPath+Signedness.m */; };
		3FFD10CF1AFDEC7F0013A652 /* main.m in Sources */ = {isa = PBXBuildFile; fileRef = 3FFD10CE1AFDEC7F0013A652 /* main.m */; };
		3FFD10D21AFDEC7F0013A652 /* AppDelegate.m in Sources */ = {isa = PBXBuildFile; fileRef = 3FFD10D11AFDEC7F0013A652 /* AppDelegate.m */; };
		3FFD10D51AFDEC7F0013A652 /* ViewController.m in Sources */ = {isa = PBXBuildFile; fileRef = 3FFD10D41AFDEC7F0013A652 /* ViewController.m */; };
		3FFD10D81AFDEC7F0013A652 /* Main.storyboard in Resources */ = {isa = PBXBuildFile; fileRef = 3FFD10D61AFDEC7F0013A652 /* Main.storyboard */; };
		3FFD10DA1AFDEC7F0013A652 /* Images.xcassets in Resources */ = {isa = PBXBuildFile; fileRef = 3FFD10D91AFDEC7F0013A652 /* Images.xcassets */; };
		3FFD10DD1AFDEC7F0013A652 /* LaunchScreen.xib in Resources */ = {isa = PBXBuildFile; fileRef = 3FFD10DB1AFDEC7F0013A652 /* LaunchScreen.xib */; };
		3FFD10E91AFDEC7F0013A652 /* ExampleTests.m in Sources */ = {isa = PBXBuildFile; fileRef = 3FFD10E81AFDEC7F0013A652 /* ExampleTests.m */; };
		3FFD10F21AFDECE10013A652 /* DataSource.m in Sources */ = {isa = PBXBuildFile; fileRef = 3FFD10F11AFDECE10013A652 /* DataSource.m */; };
/* End PBXBuildFile section */

/* Begin PBXContainerItemProxy section */
		3FFD10E31AFDEC7F0013A652 /* PBXContainerItemProxy */ = {
			isa = PBXContainerItemProxy;
			containerPortal = 3FFD10B11AFDE6820013A652 /* Project object */;
			proxyType = 1;
			remoteGlobalIDString = 3FFD10C81AFDEC7F0013A652;
			remoteInfo = Example;
		};
/* End PBXContainerItemProxy section */

/* Begin PBXFileReference section */
		3FFD10C01AFDEB700013A652 /* NSArray+Signedness.h */ = {isa = PBXFileReference; lastKnownFileType = sourcecode.c.h; path = "NSArray+Signedness.h"; sourceTree = "<group>"; };
		3FFD10C11AFDEB700013A652 /* NSArray+Signedness.m */ = {isa = PBXFileReference; lastKnownFileType = sourcecode.c.objc; path = "NSArray+Signedness.m"; sourceTree = "<group>"; };
		3FFD10C31AFDEB700013A652 /* NSIndexPath+Signedness.h */ = {isa = PBXFileReference; lastKnownFileType = sourcecode.c.h; path = "NSIndexPath+Signedness.h"; sourceTree = "<group>"; };
		3FFD10C41AFDEB700013A652 /* NSIndexPath+Signedness.m */ = {isa = PBXFileReference; lastKnownFileType = sourcecode.c.objc; path = "NSIndexPath+Signedness.m"; sourceTree = "<group>"; };
		3FFD10C91AFDEC7F0013A652 /* Example.app */ = {isa = PBXFileReference; explicitFileType = wrapper.application; includeInIndex = 0; path = Example.app; sourceTree = BUILT_PRODUCTS_DIR; };
		3FFD10CD1AFDEC7F0013A652 /* Info.plist */ = {isa = PBXFileReference; lastKnownFileType = text.plist.xml; path = Info.plist; sourceTree = "<group>"; };
		3FFD10CE1AFDEC7F0013A652 /* main.m */ = {isa = PBXFileReference; lastKnownFileType = sourcecode.c.objc; path = main.m; sourceTree = "<group>"; };
		3FFD10D01AFDEC7F0013A652 /* AppDelegate.h */ = {isa = PBXFileReference; lastKnownFileType = sourcecode.c.h; path = AppDelegate.h; sourceTree = "<group>"; };
		3FFD10D11AFDEC7F0013A652 /* AppDelegate.m */ = {isa = PBXFileReference; lastKnownFileType = sourcecode.c.objc; path = AppDelegate.m; sourceTree = "<group>"; };
		3FFD10D31AFDEC7F0013A652 /* ViewController.h */ = {isa = PBXFileReference; lastKnownFileType = sourcecode.c.h; path = ViewController.h; sourceTree = "<group>"; };
		3FFD10D41AFDEC7F0013A652 /* ViewController.m */ = {isa = PBXFileReference; lastKnownFileType = sourcecode.c.objc; path = ViewController.m; sourceTree = "<group>"; };
		3FFD10D71AFDEC7F0013A652 /* Base */ = {isa = PBXFileReference; lastKnownFileType = file.storyboard; name = Base; path = Base.lproj/Main.storyboard; sourceTree = "<group>"; };
		3FFD10D91AFDEC7F0013A652 /* Images.xcassets */ = {isa = PBXFileReference; lastKnownFileType = folder.assetcatalog; path = Images.xcassets; sourceTree = "<group>"; };
		3FFD10DC1AFDEC7F0013A652 /* Base */ = {isa = PBXFileReference; lastKnownFileType = file.xib; name = Base; path = Base.lproj/LaunchScreen.xib; sourceTree = "<group>"; };
		3FFD10E21AFDEC7F0013A652 /* ExampleTests.xctest */ = {isa = PBXFileReference; explicitFileType = wrapper.cfbundle; includeInIndex = 0; path = ExampleTests.xctest; sourceTree = BUILT_PRODUCTS_DIR; };
		3FFD10E71AFDEC7F0013A652 /* Info.plist */ = {isa = PBXFileReference; lastKnownFileType = text.plist.xml; path = Info.plist; sourceTree = "<group>"; };
		3FFD10E81AFDEC7F0013A652 /* ExampleTests.m */ = {isa = PBXFileReference; lastKnownFileType = sourcecode.c.objc; path = ExampleTests.m; sourceTree = "<group>"; };
		3FFD10F01AFDECE10013A652 /* DataSource.h */ = {isa = PBXFileReference; fileEncoding = 4; lastKnownFileType = sourcecode.c.h; path = DataSource.h; sourceTree = "<group>"; };
		3FFD10F11AFDECE10013A652 /* DataSource.m */ = {isa = PBXFileReference; fileEncoding = 4; lastKnownFileType = sourcecode.c.objc; path = DataSource.m; sourceTree = "<group>"; };
		3FFD10F31AFDF00E0013A652 /* ImplicitSignednessKit.h */ = {isa = PBXFileReference; lastKnownFileType = sourcecode.c.h; path = ImplicitSignednessKit.h; sourceTree = "<group>"; };
/* End PBXFileReference section */

/* Begin PBXFrameworksBuildPhase section */
		3FFD10C61AFDEC7F0013A652 /* Frameworks */ = {
			isa = PBXFrameworksBuildPhase;
			buildActionMask = 2147483647;
			files = (
			);
			runOnlyForDeploymentPostprocessing = 0;
		};
		3FFD10DF1AFDEC7F0013A652 /* Frameworks */ = {
			isa = PBXFrameworksBuildPhase;
			buildActionMask = 2147483647;
			files = (
			);
			runOnlyForDeploymentPostprocessing = 0;
		};
/* End PBXFrameworksBuildPhase section */

/* Begin PBXGroup section */
		3FFD10B01AFDE6820013A652 = {
			isa = PBXGroup;
			children = (
				3FFD10B71AFDE74D0013A652 /* ImplicitSignednessKit */,
				3FFD10CB1AFDEC7F0013A652 /* Example */,
				3FFD10E51AFDEC7F0013A652 /* ExampleTests */,
				3FFD10CA1AFDEC7F0013A652 /* Products */,
			);
			sourceTree = "<group>";
		};
		3FFD10B71AFDE74D0013A652 /* ImplicitSignednessKit */ = {
			isa = PBXGroup;
			children = (
				3FFD10BF1AFDEB700013A652 /* NSArray */,
				3FFD10C21AFDEB700013A652 /* NSIndexPath */,
				3FFD10F31AFDF00E0013A652 /* ImplicitSignednessKit.h */,
			);
			path = ImplicitSignednessKit;
			sourceTree = "<group>";
		};
		3FFD10BF1AFDEB700013A652 /* NSArray */ = {
			isa = PBXGroup;
			children = (
				3FFD10C01AFDEB700013A652 /* NSArray+Signedness.h */,
				3FFD10C11AFDEB700013A652 /* NSArray+Signedness.m */,
			);
			path = NSArray;
			sourceTree = "<group>";
		};
		3FFD10C21AFDEB700013A652 /* NSIndexPath */ = {
			isa = PBXGroup;
			children = (
				3FFD10C31AFDEB700013A652 /* NSIndexPath+Signedness.h */,
				3FFD10C41AFDEB700013A652 /* NSIndexPath+Signedness.m */,
			);
			path = NSIndexPath;
			sourceTree = "<group>";
		};
		3FFD10CA1AFDEC7F0013A652 /* Products */ = {
			isa = PBXGroup;
			children = (
				3FFD10C91AFDEC7F0013A652 /* Example.app */,
				3FFD10E21AFDEC7F0013A652 /* ExampleTests.xctest */,
			);
			name = Products;
			sourceTree = "<group>";
		};
		3FFD10CB1AFDEC7F0013A652 /* Example */ = {
			isa = PBXGroup;
			children = (
				3FFD10D01AFDEC7F0013A652 /* AppDelegate.h */,
				3FFD10D11AFDEC7F0013A652 /* AppDelegate.m */,
				3FFD10D31AFDEC7F0013A652 /* ViewController.h */,
				3FFD10D41AFDEC7F0013A652 /* ViewController.m */,
				3FFD10D61AFDEC7F0013A652 /* Main.storyboard */,
				3FFD10D91AFDEC7F0013A652 /* Images.xcassets */,
				3FFD10DB1AFDEC7F0013A652 /* LaunchScreen.xib */,
				3FFD10CC1AFDEC7F0013A652 /* Supporting Files */,
				3FFD10F01AFDECE10013A652 /* DataSource.h */,
				3FFD10F11AFDECE10013A652 /* DataSource.m */,
			);
			path = Example;
			sourceTree = "<group>";
		};
		3FFD10CC1AFDEC7F0013A652 /* Supporting Files */ = {
			isa = PBXGroup;
			children = (
				3FFD10CD1AFDEC7F0013A652 /* Info.plist */,
				3FFD10CE1AFDEC7F0013A652 /* main.m */,
			);
			name = "Supporting Files";
			sourceTree = "<group>";
		};
		3FFD10E51AFDEC7F0013A652 /* ExampleTests */ = {
			isa = PBXGroup;
			children = (
				3FFD10E81AFDEC7F0013A652 /* ExampleTests.m */,
				3FFD10E61AFDEC7F0013A652 /* Supporting Files */,
			);
			path = ExampleTests;
			sourceTree = "<group>";
		};
		3FFD10E61AFDEC7F0013A652 /* Supporting Files */ = {
			isa = PBXGroup;
			children = (
				3FFD10E71AFDEC7F0013A652 /* Info.plist */,
			);
			name = "Supporting Files";
			sourceTree = "<group>";
		};
/* End PBXGroup section */

/* Begin PBXNativeTarget section */
		3FFD10C81AFDEC7F0013A652 /* Example */ = {
			isa = PBXNativeTarget;
			buildConfigurationList = 3FFD10EA1AFDEC7F0013A652 /* Build configuration list for PBXNativeTarget "Example" */;
			buildPhases = (
				3FFD10C51AFDEC7F0013A652 /* Sources */,
				3FFD10C61AFDEC7F0013A652 /* Frameworks */,
				3FFD10C71AFDEC7F0013A652 /* Resources */,
			);
			buildRules = (
			);
			dependencies = (
			);
			name = Example;
			productName = Example;
			productReference = 3FFD10C91AFDEC7F0013A652 /* Example.app */;
			productType = "com.apple.product-type.application";
		};
		3FFD10E11AFDEC7F0013A652 /* ExampleTests */ = {
			isa = PBXNativeTarget;
			buildConfigurationList = 3FFD10ED1AFDEC7F0013A652 /* Build configuration list for PBXNativeTarget "ExampleTests" */;
			buildPhases = (
				3FFD10DE1AFDEC7F0013A652 /* Sources */,
				3FFD10DF1AFDEC7F0013A652 /* Frameworks */,
				3FFD10E01AFDEC7F0013A652 /* Resources */,
			);
			buildRules = (
			);
			dependencies = (
				3FFD10E41AFDEC7F0013A652 /* PBXTargetDependency */,
			);
			name = ExampleTests;
			productName = ExampleTests;
			productReference = 3FFD10E21AFDEC7F0013A652 /* ExampleTests.xctest */;
			productType = "com.apple.product-type.bundle.unit-test";
		};
/* End PBXNativeTarget section */

/* Begin PBXProject section */
		3FFD10B11AFDE6820013A652 /* Project object */ = {
			isa = PBXProject;
			attributes = {
				LastUpgradeCheck = 0630;
				TargetAttributes = {
					3FFD10C81AFDEC7F0013A652 = {
						CreatedOnToolsVersion = 6.3.1;
					};
					3FFD10E11AFDEC7F0013A652 = {
						CreatedOnToolsVersion = 6.3.1;
						TestTargetID = 3FFD10C81AFDEC7F0013A652;
					};
				};
			};
			buildConfigurationList = 3FFD10B41AFDE6820013A652 /* Build configuration list for PBXProject "ImplicitSignednessKit" */;
			compatibilityVersion = "Xcode 3.2";
			developmentRegion = English;
			hasScannedForEncodings = 0;
			knownRegions = (
				en,
				Base,
			);
			mainGroup = 3FFD10B01AFDE6820013A652;
			productRefGroup = 3FFD10CA1AFDEC7F0013A652 /* Products */;
			projectDirPath = "";
			projectRoot = "";
			targets = (
				3FFD10C81AFDEC7F0013A652 /* Example */,
				3FFD10E11AFDEC7F0013A652 /* ExampleTests */,
			);
		};
/* End PBXProject section */

/* Begin PBXResourcesBuildPhase section */
		3FFD10C71AFDEC7F0013A652 /* Resources */ = {
			isa = PBXResourcesBuildPhase;
			buildActionMask = 2147483647;
			files = (
				3FFD10D81AFDEC7F0013A652 /* Main.storyboard in Resources */,
				3FFD10DD1AFDEC7F0013A652 /* LaunchScreen.xib in Resources */,
				3FFD10DA1AFDEC7F0013A652 /* Images.xcassets in Resources */,
			);
			runOnlyForDeploymentPostprocessing = 0;
		};
		3FFD10E01AFDEC7F0013A652 /* Resources */ = {
			isa = PBXResourcesBuildPhase;
			buildActionMask = 2147483647;
			files = (
			);
			runOnlyForDeploymentPostprocessing = 0;
		};
/* End PBXResourcesBuildPhase section */

/* Begin PBXSourcesBuildPhase section */
		3FFD10C51AFDEC7F0013A652 /* Sources */ = {
			isa = PBXSourcesBuildPhase;
			buildActionMask = 2147483647;
			files = (
				3FFD10D51AFDEC7F0013A652 /* ViewController.m in Sources */,
				3FA159951AFF16FE00D87869 /* NSIndexPath+Signedness.m in Sources */,
				3FFD10D21AFDEC7F0013A652 /* AppDelegate.m in Sources */,
				3FFD10F21AFDECE10013A652 /* DataSource.m in Sources */,
				3FA159941AFF16FE00D87869 /* NSArray+Signedness.m in Sources */,
				3FFD10CF1AFDEC7F0013A652 /* main.m in Sources */,
			);
			runOnlyForDeploymentPostprocessing = 0;
		};
		3FFD10DE1AFDEC7F0013A652 /* Sources */ = {
			isa = PBXSourcesBuildPhase;
			buildActionMask = 2147483647;
			files = (
				3FFD10E91AFDEC7F0013A652 /* ExampleTests.m in Sources */,
			);
			runOnlyForDeploymentPostprocessing = 0;
		};
/* End PBXSourcesBuildPhase section */

/* Begin PBXTargetDependency section */
		3FFD10E41AFDEC7F0013A652 /* PBXTargetDependency */ = {
			isa = PBXTargetDependency;
			target = 3FFD10C81AFDEC7F0013A652 /* Example */;
			targetProxy = 3FFD10E31AFDEC7F0013A652 /* PBXContainerItemProxy */;
		};
/* End PBXTargetDependency section */

/* Begin PBXVariantGroup section */
		3FFD10D61AFDEC7F0013A652 /* Main.storyboard */ = {
			isa = PBXVariantGroup;
			children = (
				3FFD10D71AFDEC7F0013A652 /* Base */,
			);
			name = Main.storyboard;
			sourceTree = "<group>";
		};
		3FFD10DB1AFDEC7F0013A652 /* LaunchScreen.xib */ = {
			isa = PBXVariantGroup;
			children = (
				3FFD10DC1AFDEC7F0013A652 /* Base */,
			);
			name = LaunchScreen.xib;
			sourceTree = "<group>";
		};
/* End PBXVariantGroup section */

/* Begin XCBuildConfiguration section */
		3FFD10B51AFDE6820013A652 /* Debug */ = {
			isa = XCBuildConfiguration;
			buildSettings = {
			};
			name = Debug;
		};
		3FFD10B61AFDE6820013A652 /* Release */ = {
			isa = XCBuildConfiguration;
			buildSettings = {
			};
			name = Release;
		};
		3FFD10EB1AFDEC7F0013A652 /* Debug */ = {
			isa = XCBuildConfiguration;
			buildSettings = {
				ALWAYS_SEARCH_USER_PATHS = NO;
				ASSETCATALOG_COMPILER_APPICON_NAME = AppIcon;
				CLANG_CXX_LANGUAGE_STANDARD = "gnu++0x";
				CLANG_CXX_LIBRARY = "libc++";
				CLANG_ENABLE_MODULES = YES;
				CLANG_ENABLE_OBJC_ARC = YES;
				CLANG_WARN_BOOL_CONVERSION = YES;
				CLANG_WARN_CONSTANT_CONVERSION = YES;
				CLANG_WARN_DIRECT_OBJC_ISA_USAGE = YES_ERROR;
				CLANG_WARN_EMPTY_BODY = YES;
				CLANG_WARN_ENUM_CONVERSION = YES;
				CLANG_WARN_IMPLICIT_SIGN_CONVERSION = YES;
				CLANG_WARN_INT_CONVERSION = YES;
				CLANG_WARN_OBJC_ROOT_CLASS = YES_ERROR;
				CLANG_WARN_UNREACHABLE_CODE = YES;
				CLANG_WARN__DUPLICATE_METHOD_MATCH = YES;
				"CODE_SIGN_IDENTITY[sdk=iphoneos*]" = "iPhone Developer";
				COPY_PHASE_STRIP = NO;
				DEBUG_INFORMATION_FORMAT = "dwarf-with-dsym";
				ENABLE_STRICT_OBJC_MSGSEND = YES;
				GCC_C_LANGUAGE_STANDARD = gnu99;
				GCC_DYNAMIC_NO_PIC = NO;
				GCC_NO_COMMON_BLOCKS = YES;
				GCC_OPTIMIZATION_LEVEL = 0;
				GCC_PREPROCESSOR_DEFINITIONS = (
					"DEBUG=1",
					"$(inherited)",
				);
				GCC_SYMBOLS_PRIVATE_EXTERN = NO;
				GCC_WARN_64_TO_32_BIT_CONVERSION = YES;
				GCC_WARN_ABOUT_RETURN_TYPE = YES_ERROR;
				GCC_WARN_UNDECLARED_SELECTOR = YES;
				GCC_WARN_UNINITIALIZED_AUTOS = YES_AGGRESSIVE;
				GCC_WARN_UNUSED_FUNCTION = YES;
				GCC_WARN_UNUSED_VARIABLE = YES;
				INFOPLIST_FILE = Example/Info.plist;
				IPHONEOS_DEPLOYMENT_TARGET = 8.3;
				LD_RUNPATH_SEARCH_PATHS = "$(inherited) @executable_path/Frameworks";
				MTL_ENABLE_DEBUG_INFO = YES;
				ONLY_ACTIVE_ARCH = YES;
				PRODUCT_NAME = "$(TARGET_NAME)";
				SDKROOT = iphoneos;
				TARGETED_DEVICE_FAMILY = "1,2";
			};
			name = Debug;
		};
		3FFD10EC1AFDEC7F0013A652 /* Release */ = {
			isa = XCBuildConfiguration;
			buildSettings = {
				ALWAYS_SEARCH_USER_PATHS = NO;
				ASSETCATALOG_COMPILER_APPICON_NAME = AppIcon;
				CLANG_CXX_LANGUAGE_STANDARD = "gnu++0x";
				CLANG_CXX_LIBRARY = "libc++";
				CLANG_ENABLE_MODULES = YES;
				CLANG_ENABLE_OBJC_ARC = YES;
				CLANG_WARN_BOOL_CONVERSION = YES;
				CLANG_WARN_CONSTANT_CONVERSION = YES;
				CLANG_WARN_DIRECT_OBJC_ISA_USAGE = YES_ERROR;
				CLANG_WARN_EMPTY_BODY = YES;
				CLANG_WARN_ENUM_CONVERSION = YES;
				CLANG_WARN_IMPLICIT_SIGN_CONVERSION = YES;
				CLANG_WARN_INT_CONVERSION = YES;
				CLANG_WARN_OBJC_ROOT_CLASS = YES_ERROR;
				CLANG_WARN_UNREACHABLE_CODE = YES;
				CLANG_WARN__DUPLICATE_METHOD_MATCH = YES;
				"CODE_SIGN_IDENTITY[sdk=iphoneos*]" = "iPhone Developer";
				COPY_PHASE_STRIP = NO;
				DEBUG_INFORMATION_FORMAT = "dwarf-with-dsym";
				ENABLE_NS_ASSERTIONS = NO;
				ENABLE_STRICT_OBJC_MSGSEND = YES;
				GCC_C_LANGUAGE_STANDARD = gnu99;
				GCC_NO_COMMON_BLOCKS = YES;
				GCC_WARN_64_TO_32_BIT_CONVERSION = YES;
				GCC_WARN_ABOUT_RETURN_TYPE = YES_ERROR;
				GCC_WARN_UNDECLARED_SELECTOR = YES;
				GCC_WARN_UNINITIALIZED_AUTOS = YES_AGGRESSIVE;
				GCC_WARN_UNUSED_FUNCTION = YES;
				GCC_WARN_UNUSED_VARIABLE = YES;
				INFOPLIST_FILE = Example/Info.plist;
				IPHONEOS_DEPLOYMENT_TARGET = 8.3;
				LD_RUNPATH_SEARCH_PATHS = "$(inherited) @executable_path/Frameworks";
				MTL_ENABLE_DEBUG_INFO = NO;
				PRODUCT_NAME = "$(TARGET_NAME)";
				SDKROOT = iphoneos;
				TARGETED_DEVICE_FAMILY = "1,2";
				VALIDATE_PRODUCT = YES;
			};
			name = Release;
		};
		3FFD10EE1AFDEC7F0013A652 /* Debug */ = {
			isa = XCBuildConfiguration;
			buildSettings = {
				ALWAYS_SEARCH_USER_PATHS = NO;
				BUNDLE_LOADER = "$(TEST_HOST)";
				CLANG_CXX_LANGUAGE_STANDARD = "gnu++0x";
				CLANG_CXX_LIBRARY = "libc++";
				CLANG_ENABLE_MODULES = YES;
				CLANG_ENABLE_OBJC_ARC = YES;
				CLANG_WARN_BOOL_CONVERSION = YES;
				CLANG_WARN_CONSTANT_CONVERSION = YES;
				CLANG_WARN_DIRECT_OBJC_ISA_USAGE = YES_ERROR;
				CLANG_WARN_EMPTY_BODY = YES;
				CLANG_WARN_ENUM_CONVERSION = YES;
				CLANG_WARN_IMPLICIT_SIGN_CONVERSION = YES;
				CLANG_WARN_INT_CONVERSION = YES;
				CLANG_WARN_OBJC_ROOT_CLASS = YES_ERROR;
				CLANG_WARN_UNREACHABLE_CODE = YES;
				CLANG_WARN__DUPLICATE_METHOD_MATCH = YES;
				COPY_PHASE_STRIP = NO;
				DEBUG_INFORMATION_FORMAT = "dwarf-with-dsym";
				ENABLE_STRICT_OBJC_MSGSEND = YES;
				FRAMEWORK_SEARCH_PATHS = (
					"$(SDKROOT)/Developer/Library/Frameworks",
					"$(inherited)",
				);
				GCC_C_LANGUAGE_STANDARD = gnu99;
				GCC_DYNAMIC_NO_PIC = NO;
				GCC_NO_COMMON_BLOCKS = YES;
				GCC_OPTIMIZATION_LEVEL = 0;
				GCC_PREPROCESSOR_DEFINITIONS = (
					"DEBUG=1",
					"$(inherited)",
				);
				GCC_SYMBOLS_PRIVATE_EXTERN = NO;
				GCC_WARN_64_TO_32_BIT_CONVERSION = YES;
				GCC_WARN_ABOUT_RETURN_TYPE = YES_ERROR;
				GCC_WARN_UNDECLARED_SELECTOR = YES;
				GCC_WARN_UNINITIALIZED_AUTOS = YES_AGGRESSIVE;
				GCC_WARN_UNUSED_FUNCTION = YES;
				GCC_WARN_UNUSED_VARIABLE = YES;
				INFOPLIST_FILE = ExampleTests/Info.plist;
				IPHONEOS_DEPLOYMENT_TARGET = 8.3;
				LD_RUNPATH_SEARCH_PATHS = "$(inherited) @executable_path/Frameworks @loader_path/Frameworks";
				MTL_ENABLE_DEBUG_INFO = YES;
				ONLY_ACTIVE_ARCH = YES;
				PRODUCT_NAME = "$(TARGET_NAME)";
				SDKROOT = iphoneos;
				TEST_HOST = "$(BUILT_PRODUCTS_DIR)/Example.app/Example";
			};
			name = Debug;
		};
		3FFD10EF1AFDEC7F0013A652 /* Release */ = {
			isa = XCBuildConfiguration;
			buildSettings = {
				ALWAYS_SEARCH_USER_PATHS = NO;
				BUNDLE_LOADER = "$(TEST_HOST)";
				CLANG_CXX_LANGUAGE_STANDARD = "gnu++0x";
				CLANG_CXX_LIBRARY = "libc++";
				CLANG_ENABLE_MODULES = YES;
				CLANG_ENABLE_OBJC_ARC = YES;
				CLANG_WARN_BOOL_CONVERSION = YES;
				CLANG_WARN_CONSTANT_CONVERSION = YES;
				CLANG_WARN_DIRECT_OBJC_ISA_USAGE = YES_ERROR;
				CLANG_WARN_EMPTY_BODY = YES;
				CLANG_WARN_ENUM_CONVERSION = YES;
				CLANG_WARN_IMPLICIT_SIGN_CONVERSION = YES;
				CLANG_WARN_INT_CONVERSION = YES;
				CLANG_WARN_OBJC_ROOT_CLASS = YES_ERROR;
				CLANG_WARN_UNREACHABLE_CODE = YES;
				CLANG_WARN__DUPLICATE_METHOD_MATCH = YES;
				COPY_PHASE_STRIP = NO;
				DEBUG_INFORMATION_FORMAT = "dwarf-with-dsym";
				ENABLE_NS_ASSERTIONS = NO;
				ENABLE_STRICT_OBJC_MSGSEND = YES;
				FRAMEWORK_SEARCH_PATHS = (
					"$(SDKROOT)/Developer/Library/Frameworks",
					"$(inherited)",
				);
				GCC_C_LANGUAGE_STANDARD = gnu99;
				GCC_NO_COMMON_BLOCKS = YES;
				GCC_WARN_64_TO_32_BIT_CONVERSION = YES;
				GCC_WARN_ABOUT_RETURN_TYPE = YES_ERROR;
				GCC_WARN_UNDECLARED_SELECTOR = YES;
				GCC_WARN_UNINITIALIZED_AUTOS = YES_AGGRESSIVE;
				GCC_WARN_UNUSED_FUNCTION = YES;
				GCC_WARN_UNUSED_VARIABLE = YES;
				INFOPLIST_FILE = ExampleTests/Info.plist;
				IPHONEOS_DEPLOYMENT_TARGET = 8.3;
				LD_RUNPATH_SEARCH_PATHS = "$(inherited) @executable_path/Frameworks @loader_path/Frameworks";
				MTL_ENABLE_DEBUG_INFO = NO;
				PRODUCT_NAME = "$(TARGET_NAME)";
				SDKROOT = iphoneos;
				TEST_HOST = "$(BUILT_PRODUCTS_DIR)/Example.app/Example";
				VALIDATE_PRODUCT = YES;
			};
			name = Release;
		};
/* End XCBuildConfiguration section */

/* Begin XCConfigurationList section */
		3FFD10B41AFDE6820013A652 /* Build configuration list for PBXProject "ImplicitSignednessKit" */ = {
			isa = XCConfigurationList;
			buildConfigurations = (
				3FFD10B51AFDE6820013A652 /* Debug */,
				3FFD10B61AFDE6820013A652 /* Release */,
			);
			defaultConfigurationIsVisible = 0;
			defaultConfigurationName = Release;
		};
		3FFD10EA1AFDEC7F0013A652 /* Build configuration list for PBXNativeTarget "Example" */ = {
			isa = XCConfigurationList;
			buildConfigurations = (
				3FFD10EB1AFDEC7F0013A652 /* Debug */,
				3FFD10EC1AFDEC7F0013A652 /* Release */,
			);
			defaultConfigurationIsVisible = 0;
			defaultConfigurationName = Release;
		};
		3FFD10ED1AFDEC7F0013A652 /* Build configuration list for PBXNativeTarget "ExampleTests" */ = {
			isa = XCConfigurationList;
			buildConfigurations = (
				3FFD10EE1AFDEC7F0013A652 /* Debug */,
				3FFD10EF1AFDEC7F0013A652 /* Release */,
			);
			defaultConfigurationIsVisible = 0;
			defaultConfigurationName = Release;
		};
/* End XCConfigurationList section */
	};
	rootObject = 3FFD10B11AFDE6820013A652 /* Project object */;
}
